
Microsoft Visual Studio Solution File, Format Version 12.00
# Visual Studio 14
VisualStudioVersion = 14.0.24720.0
MinimumVisualStudioVersion = 10.0.40219.1
Project("{FAE04EC0-301F-11D3-BF4B-00C04F79EFBC}") = "ThumbnailsGenie", "ThumbnailsGenie\ThumbnailsGenie.csproj", "{9E9BE10E-0E1F-4B4D-B4F1-AFA51154AA96}"
EndProject
Project("{FAE04EC0-301F-11D3-BF4B-00C04F79EFBC}") = "Tests", "Tests\Tests.csproj", "{8214A2C2-41B2-4810-8BC1-DF9DC63E17B5}"
EndProject
Global
	GlobalSection(SolutionConfigurationPlatforms) = preSolution
		Debug|Any CPU = Debug|Any CPU
		Release|Any CPU = Release|Any CPU
	EndGlobalSection
	GlobalSection(ProjectConfigurationPlatforms) = postSolution
		{9E9BE10E-0E1F-4B4D-B4F1-AFA51154AA96}.Debug|Any CPU.ActiveCfg = Debug|Any CPU
		{9E9BE10E-0E1F-4B4D-B4F1-AFA51154AA96}.Debug|Any CPU.Build.0 = Debug|Any CPU
		{9E9BE10E-0E1F-4B4D-B4F1-AFA51154AA96}.Release|Any CPU.ActiveCfg = Release|Any CPU
		{9E9BE10E-0E1F-4B4D-B4F1-AFA51154AA96}.Release|Any CPU.Build.0 = Release|Any CPU
		{8214A2C2-41B2-4810-8BC1-DF9DC63E17B5}.Debug|Any CPU.ActiveCfg = Debug|Any CPU
		{8214A2C2-41B2-4810-8BC1-DF9DC63E17B5}.Debug|Any CPU.Build.0 = Debug|Any CPU
		{8214A2C2-41B2-4810-8BC1-DF9DC63E17B5}.Release|Any CPU.ActiveCfg = Release|Any CPU
		{8214A2C2-41B2-4810-8BC1-DF9DC63E17B5}.Release|Any CPU.Build.0 = Release|Any CPU
	EndGlobalSection
	GlobalSection(SolutionProperties) = preSolution
		HideSolutionNode = FALSE
	EndGlobalSection
EndGlobal
